
Microsoft Visual Studio Solution File, Format Version 12.00
# Visual Studio 15
VisualStudioVersion = 15.0.28010.2036
MinimumVisualStudioVersion = 10.0.40219.1
Project("{FAE04EC0-301F-11D3-BF4B-00C04F79EFBC}") = "Aplicacion", "AYD1_Aplicacion\Aplicacion.csproj", "{90D6276A-E36D-4CAE-AA17-8CC61804DA03}"
EndProject
Project("{FAE04EC0-301F-11D3-BF4B-00C04F79EFBC}") = "Aplicacion.Tests", "AYD1_Aplicacion.Tests\Aplicacion.Tests.csproj", "{13A88194-EE54-4722-AFB6-7813910DC991}"
EndProject
Global
	GlobalSection(SolutionConfigurationPlatforms) = preSolution
		Debug|Any CPU = Debug|Any CPU
		Release|Any CPU = Release|Any CPU
	EndGlobalSection
	GlobalSection(ProjectConfigurationPlatforms) = postSolution
		{90D6276A-E36D-4CAE-AA17-8CC61804DA03}.Debug|Any CPU.ActiveCfg = Debug|Any CPU
		{90D6276A-E36D-4CAE-AA17-8CC61804DA03}.Debug|Any CPU.Build.0 = Debug|Any CPU
		{90D6276A-E36D-4CAE-AA17-8CC61804DA03}.Release|Any CPU.ActiveCfg = Release|Any CPU
		{90D6276A-E36D-4CAE-AA17-8CC61804DA03}.Release|Any CPU.Build.0 = Release|Any CPU
		{13A88194-EE54-4722-AFB6-7813910DC991}.Debug|Any CPU.ActiveCfg = Debug|Any CPU
		{13A88194-EE54-4722-AFB6-7813910DC991}.Debug|Any CPU.Build.0 = Debug|Any CPU
		{13A88194-EE54-4722-AFB6-7813910DC991}.Release|Any CPU.ActiveCfg = Release|Any CPU
		{13A88194-EE54-4722-AFB6-7813910DC991}.Release|Any CPU.Build.0 = Release|Any CPU
	EndGlobalSection
	GlobalSection(SolutionProperties) = preSolution
		HideSolutionNode = FALSE
	EndGlobalSection
	GlobalSection(ExtensibilityGlobals) = postSolution
		SolutionGuid = {C75A606C-DCCA-4700-8B13-BE4820942F16}
	EndGlobalSection
EndGlobal
