
Microsoft Visual Studio Solution File, Format Version 12.00
# Visual Studio 15
VisualStudioVersion = 15.0.28010.2016
MinimumVisualStudioVersion = 10.0.40219.1
Project("{FAE04EC0-301F-11D3-BF4B-00C04F79EFBC}") = "Aplicacion", "Aplicacion\Aplicacion.csproj", "{E5841E49-5840-4590-9033-3B30EF82F98E}"
EndProject
Project("{FAE04EC0-301F-11D3-BF4B-00C04F79EFBC}") = "Aplicacion.Tests", "Aplicacion.Tests\Aplicacion.Tests.csproj", "{AF4E2623-FD91-4B7A-93EB-F41DEEC3BA14}"
EndProject
Global
	GlobalSection(SolutionConfigurationPlatforms) = preSolution
		Debug|Any CPU = Debug|Any CPU
		Release|Any CPU = Release|Any CPU
	EndGlobalSection
	GlobalSection(ProjectConfigurationPlatforms) = postSolution
		{E5841E49-5840-4590-9033-3B30EF82F98E}.Debug|Any CPU.ActiveCfg = Debug|Any CPU
		{E5841E49-5840-4590-9033-3B30EF82F98E}.Debug|Any CPU.Build.0 = Debug|Any CPU
		{E5841E49-5840-4590-9033-3B30EF82F98E}.Release|Any CPU.ActiveCfg = Release|Any CPU
		{E5841E49-5840-4590-9033-3B30EF82F98E}.Release|Any CPU.Build.0 = Release|Any CPU
		{AF4E2623-FD91-4B7A-93EB-F41DEEC3BA14}.Debug|Any CPU.ActiveCfg = Debug|Any CPU
		{AF4E2623-FD91-4B7A-93EB-F41DEEC3BA14}.Debug|Any CPU.Build.0 = Debug|Any CPU
		{AF4E2623-FD91-4B7A-93EB-F41DEEC3BA14}.Release|Any CPU.ActiveCfg = Release|Any CPU
		{AF4E2623-FD91-4B7A-93EB-F41DEEC3BA14}.Release|Any CPU.Build.0 = Release|Any CPU
	EndGlobalSection
	GlobalSection(SolutionProperties) = preSolution
		HideSolutionNode = FALSE
	EndGlobalSection
	GlobalSection(ExtensibilityGlobals) = postSolution
		SolutionGuid = {0311D67F-C7D6-4F6C-B03F-BB8C71E79993}
	EndGlobalSection
EndGlobal
